
Microsoft Visual Studio Solution File, Format Version 12.00
# Visual Studio 15
VisualStudioVersion = 15.0.27004.2005
MinimumVisualStudioVersion = 10.0.40219.1
Project("{FAE04EC0-301F-11D3-BF4B-00C04F79EFBC}") = "AsyMonitor", "AsyMonitor\AsyMonitor.csproj", "{DE5B9D2E-B1A2-4DC4-84CE-78BC944AAD8D}"
EndProject
Global
	GlobalSection(SolutionConfigurationPlatforms) = preSolution
		Debug|Any CPU = Debug|Any CPU
		Release|Any CPU = Release|Any CPU
	EndGlobalSection
	GlobalSection(ProjectConfigurationPlatforms) = postSolution
		{DE5B9D2E-B1A2-4DC4-84CE-78BC944AAD8D}.Debug|Any CPU.ActiveCfg = Debug|Any CPU
		{DE5B9D2E-B1A2-4DC4-84CE-78BC944AAD8D}.Debug|Any CPU.Build.0 = Debug|Any CPU
		{DE5B9D2E-B1A2-4DC4-84CE-78BC944AAD8D}.Release|Any CPU.ActiveCfg = Release|Any CPU
		{DE5B9D2E-B1A2-4DC4-84CE-78BC944AAD8D}.Release|Any CPU.Build.0 = Release|Any CPU
	EndGlobalSection
	GlobalSection(SolutionProperties) = preSolution
		HideSolutionNode = FALSE
	EndGlobalSection
	GlobalSection(ExtensibilityGlobals) = postSolution
		SolutionGuid = {1213F621-E5C3-4235-BA28-385CFBF46D00}
	EndGlobalSection
EndGlobal
